
Microsoft Visual Studio Solution File, Format Version 11.00
# Visual Studio 2010
Project("{FAE04EC0-301F-11D3-BF4B-00C04F79EFBC}") = "IMSAPI", "IMSAPI\IMSAPI.csproj", "{C9158743-6077-400B-9675-95AB16041B38}"
EndProject
Project("{FAE04EC0-301F-11D3-BF4B-00C04F79EFBC}") = "IMSDAL", "IMSDAL\IMSDAL.csproj", "{DF6B3F4B-5779-4970-A181-01D8B10DF3C4}"
EndProject
Project("{FAE04EC0-301F-11D3-BF4B-00C04F79EFBC}") = "IMSBLL", "IMSBLL\IMSBLL.csproj", "{6C30E903-1305-4279-8962-71176193E979}"
EndProject
Global
	GlobalSection(SolutionConfigurationPlatforms) = preSolution
		Debug|Any CPU = Debug|Any CPU
		Release|Any CPU = Release|Any CPU
	EndGlobalSection
	GlobalSection(ProjectConfigurationPlatforms) = postSolution
		{C9158743-6077-400B-9675-95AB16041B38}.Debug|Any CPU.ActiveCfg = Debug|Any CPU
		{C9158743-6077-400B-9675-95AB16041B38}.Debug|Any CPU.Build.0 = Debug|Any CPU
		{C9158743-6077-400B-9675-95AB16041B38}.Release|Any CPU.ActiveCfg = Release|Any CPU
		{C9158743-6077-400B-9675-95AB16041B38}.Release|Any CPU.Build.0 = Release|Any CPU
		{DF6B3F4B-5779-4970-A181-01D8B10DF3C4}.Debug|Any CPU.ActiveCfg = Debug|Any CPU
		{DF6B3F4B-5779-4970-A181-01D8B10DF3C4}.Debug|Any CPU.Build.0 = Debug|Any CPU
		{DF6B3F4B-5779-4970-A181-01D8B10DF3C4}.Release|Any CPU.ActiveCfg = Release|Any CPU
		{DF6B3F4B-5779-4970-A181-01D8B10DF3C4}.Release|Any CPU.Build.0 = Release|Any CPU
		{6C30E903-1305-4279-8962-71176193E979}.Debug|Any CPU.ActiveCfg = Debug|Any CPU
		{6C30E903-1305-4279-8962-71176193E979}.Debug|Any CPU.Build.0 = Debug|Any CPU
		{6C30E903-1305-4279-8962-71176193E979}.Release|Any CPU.ActiveCfg = Release|Any CPU
		{6C30E903-1305-4279-8962-71176193E979}.Release|Any CPU.Build.0 = Release|Any CPU
	EndGlobalSection
	GlobalSection(SolutionProperties) = preSolution
		HideSolutionNode = FALSE
	EndGlobalSection
EndGlobal
